// !$*UTF8*$!
{
	archiveVersion = 1;
	classes = {
	};
	objectVersion = 56;
	objects = {

/* Begin PBXBuildFile section */
		493FB2692B45624A001D41A8 /* ImagePicker.swift in Sources */ = {isa = PBXBuildFile; fileRef = 493FB2682B45624A001D41A8 /* ImagePicker.swift */; };
		493FB26B2B456349001D41A8 /* ReportManager.swift in Sources */ = {isa = PBXBuildFile; fileRef = 493FB26A2B456349001D41A8 /* ReportManager.swift */; };
		493FB26D2B456374001D41A8 /* StorageManager.swift in Sources */ = {isa = PBXBuildFile; fileRef = 493FB26C2B456374001D41A8 /* StorageManager.swift */; };
		493FB26F2B4563A1001D41A8 /* LocationManager.swift in Sources */ = {isa = PBXBuildFile; fileRef = 493FB26E2B4563A1001D41A8 /* LocationManager.swift */; };
		493FB2712B45642E001D41A8 /* AllReportView.swift in Sources */ = {isa = PBXBuildFile; fileRef = 493FB2702B45642E001D41A8 /* AllReportView.swift */; };
		493FB2732B45644A001D41A8 /* ReportCardView.swift in Sources */ = {isa = PBXBuildFile; fileRef = 493FB2722B45644A001D41A8 /* ReportCardView.swift */; };
		493FB2752B456467001D41A8 /* ReportDetailView.swift in Sources */ = {isa = PBXBuildFile; fileRef = 493FB2742B456467001D41A8 /* ReportDetailView.swift */; };
		49B888252B3C74C200AFE619 /* TestLaporBookApp.swift in Sources */ = {isa = PBXBuildFile; fileRef = 49B888242B3C74C200AFE619 /* TestLaporBookApp.swift */; };
		49B888272B3C74C200AFE619 /* ContentView.swift in Sources */ = {isa = PBXBuildFile; fileRef = 49B888262B3C74C200AFE619 /* ContentView.swift */; };
		49B888292B3C74C300AFE619 /* Assets.xcassets in Resources */ = {isa = PBXBuildFile; fileRef = 49B888282B3C74C300AFE619 /* Assets.xcassets */; };
		49B8882C2B3C74C300AFE619 /* Preview Assets.xcassets in Resources */ = {isa = PBXBuildFile; fileRef = 49B8882B2B3C74C300AFE619 /* Preview Assets.xcassets */; };
		49B888332B3C78A900AFE619 /* GoogleService-Info.plist in Resources */ = {isa = PBXBuildFile; fileRef = 49B888322B3C78A900AFE619 /* GoogleService-Info.plist */; };
		49B888362B3C795D00AFE619 /* FirebaseAnalytics in Frameworks */ = {isa = PBXBuildFile; productRef = 49B888352B3C795D00AFE619 /* FirebaseAnalytics */; };
		49B888382B3C795D00AFE619 /* FirebaseAnalyticsOnDeviceConversion in Frameworks */ = {isa = PBXBuildFile; productRef = 49B888372B3C795D00AFE619 /* FirebaseAnalyticsOnDeviceConversion */; };
		49B8883A2B3C795D00AFE619 /* FirebaseAnalyticsSwift in Frameworks */ = {isa = PBXBuildFile; productRef = 49B888392B3C795D00AFE619 /* FirebaseAnalyticsSwift */; };
		49B8883C2B3C795D00AFE619 /* FirebaseAnalyticsWithoutAdIdSupport in Frameworks */ = {isa = PBXBuildFile; productRef = 49B8883B2B3C795D00AFE619 /* FirebaseAnalyticsWithoutAdIdSupport */; };
		49B8883E2B3C795D00AFE619 /* FirebaseAppCheck in Frameworks */ = {isa = PBXBuildFile; productRef = 49B8883D2B3C795D00AFE619 /* FirebaseAppCheck */; };
		49B888402B3C795D00AFE619 /* FirebaseAppDistribution-Beta in Frameworks */ = {isa = PBXBuildFile; productRef = 49B8883F2B3C795D00AFE619 /* FirebaseAppDistribution-Beta */; };
		49B888422B3C795D00AFE619 /* FirebaseAuth in Frameworks */ = {isa = PBXBuildFile; productRef = 49B888412B3C795D00AFE619 /* FirebaseAuth */; };
		49B888442B3C795D00AFE619 /* FirebaseAuthCombine-Community in Frameworks */ = {isa = PBXBuildFile; productRef = 49B888432B3C795D00AFE619 /* FirebaseAuthCombine-Community */; };
		49B888462B3C795D00AFE619 /* FirebaseCrashlytics in Frameworks */ = {isa = PBXBuildFile; productRef = 49B888452B3C795D00AFE619 /* FirebaseCrashlytics */; };
		49B888482B3C795D00AFE619 /* FirebaseDatabase in Frameworks */ = {isa = PBXBuildFile; productRef = 49B888472B3C795D00AFE619 /* FirebaseDatabase */; };
		49B8884A2B3C795D00AFE619 /* FirebaseDatabaseSwift in Frameworks */ = {isa = PBXBuildFile; productRef = 49B888492B3C795D00AFE619 /* FirebaseDatabaseSwift */; };
		49B8884C2B3C795D00AFE619 /* FirebaseDynamicLinks in Frameworks */ = {isa = PBXBuildFile; productRef = 49B8884B2B3C795D00AFE619 /* FirebaseDynamicLinks */; };
		49B8884E2B3C795D00AFE619 /* FirebaseFirestore in Frameworks */ = {isa = PBXBuildFile; productRef = 49B8884D2B3C795D00AFE619 /* FirebaseFirestore */; };
		49B888502B3C795D00AFE619 /* FirebaseFirestoreCombine-Community in Frameworks */ = {isa = PBXBuildFile; productRef = 49B8884F2B3C795D00AFE619 /* FirebaseFirestoreCombine-Community */; };
		49B888522B3C795D00AFE619 /* FirebaseFirestoreSwift in Frameworks */ = {isa = PBXBuildFile; productRef = 49B888512B3C795D00AFE619 /* FirebaseFirestoreSwift */; };
		49B888542B3C795D00AFE619 /* FirebaseFunctions in Frameworks */ = {isa = PBXBuildFile; productRef = 49B888532B3C795D00AFE619 /* FirebaseFunctions */; };
		49B888562B3C795D00AFE619 /* FirebaseFunctionsCombine-Community in Frameworks */ = {isa = PBXBuildFile; productRef = 49B888552B3C795D00AFE619 /* FirebaseFunctionsCombine-Community */; };
		49B888582B3C795D00AFE619 /* FirebaseInAppMessaging-Beta in Frameworks */ = {isa = PBXBuildFile; productRef = 49B888572B3C795D00AFE619 /* FirebaseInAppMessaging-Beta */; };
		49B8885A2B3C795D00AFE619 /* FirebaseInAppMessagingSwift-Beta in Frameworks */ = {isa = PBXBuildFile; productRef = 49B888592B3C795D00AFE619 /* FirebaseInAppMessagingSwift-Beta */; };
		49B8885C2B3C795D00AFE619 /* FirebaseInstallations in Frameworks */ = {isa = PBXBuildFile; productRef = 49B8885B2B3C795D00AFE619 /* FirebaseInstallations */; };
		49B8885E2B3C795D00AFE619 /* FirebaseMLModelDownloader in Frameworks */ = {isa = PBXBuildFile; productRef = 49B8885D2B3C795D00AFE619 /* FirebaseMLModelDownloader */; };
		49B888602B3C795D00AFE619 /* FirebaseMessaging in Frameworks */ = {isa = PBXBuildFile; productRef = 49B8885F2B3C795D00AFE619 /* FirebaseMessaging */; };
		49B888622B3C795D00AFE619 /* FirebasePerformance in Frameworks */ = {isa = PBXBuildFile; productRef = 49B888612B3C795D00AFE619 /* FirebasePerformance */; };
		49B888642B3C795D00AFE619 /* FirebaseRemoteConfig in Frameworks */ = {isa = PBXBuildFile; productRef = 49B888632B3C795D00AFE619 /* FirebaseRemoteConfig */; };
		49B888662B3C795D00AFE619 /* FirebaseRemoteConfigSwift in Frameworks */ = {isa = PBXBuildFile; productRef = 49B888652B3C795D00AFE619 /* FirebaseRemoteConfigSwift */; };
		49B888682B3C795D00AFE619 /* FirebaseStorage in Frameworks */ = {isa = PBXBuildFile; productRef = 49B888672B3C795D00AFE619 /* FirebaseStorage */; };
		49B8886A2B3C795D00AFE619 /* FirebaseStorageCombine-Community in Frameworks */ = {isa = PBXBuildFile; productRef = 49B888692B3C795D00AFE619 /* FirebaseStorageCombine-Community */; };
		49B8886F2B3C800A00AFE619 /* AuthManager.swift in Sources */ = {isa = PBXBuildFile; fileRef = 49B8886E2B3C800A00AFE619 /* AuthManager.swift */; };
		49B888712B3C802A00AFE619 /* Model.swift in Sources */ = {isa = PBXBuildFile; fileRef = 49B888702B3C802A00AFE619 /* Model.swift */; };
		49B888732B3C805D00AFE619 /* ViewController.swift in Sources */ = {isa = PBXBuildFile; fileRef = 49B888722B3C805D00AFE619 /* ViewController.swift */; };
		49B888752B3C809D00AFE619 /* Extensions.swift in Sources */ = {isa = PBXBuildFile; fileRef = 49B888742B3C809D00AFE619 /* Extensions.swift */; };
		49B888772B3C80CD00AFE619 /* Templates.swift in Sources */ = {isa = PBXBuildFile; fileRef = 49B888762B3C80CD00AFE619 /* Templates.swift */; };
		49B888792B3C80EE00AFE619 /* Constans.swift in Sources */ = {isa = PBXBuildFile; fileRef = 49B888782B3C80EE00AFE619 /* Constans.swift */; };
		49B8887B2B3C811B00AFE619 /* RegisterView.swift in Sources */ = {isa = PBXBuildFile; fileRef = 49B8887A2B3C811B00AFE619 /* RegisterView.swift */; };
		49B8887D2B3C813700AFE619 /* LoginView.swift in Sources */ = {isa = PBXBuildFile; fileRef = 49B8887C2B3C813700AFE619 /* LoginView.swift */; };
		49B8887F2B3C815E00AFE619 /* DashboardView.swift in Sources */ = {isa = PBXBuildFile; fileRef = 49B8887E2B3C815E00AFE619 /* DashboardView.swift */; };
		49B888812B3C818300AFE619 /* MyReportView.swift in Sources */ = {isa = PBXBuildFile; fileRef = 49B888802B3C818300AFE619 /* MyReportView.swift */; };
		49B888832B3C81AA00AFE619 /* AddReportView.swift in Sources */ = {isa = PBXBuildFile; fileRef = 49B888822B3C81AA00AFE619 /* AddReportView.swift */; };
		49BB3EF62B456BCE00860D81 /* SDWebImageSwiftUI in Frameworks */ = {isa = PBXBuildFile; productRef = 49BB3EF52B456BCE00860D81 /* SDWebImageSwiftUI */; };
/* End PBXBuildFile section */

/* Begin PBXFileReference section */
		493FB2682B45624A001D41A8 /* ImagePicker.swift */ = {isa = PBXFileReference; lastKnownFileType = sourcecode.swift; path = ImagePicker.swift; sourceTree = "<group>"; };
		493FB26A2B456349001D41A8 /* ReportManager.swift */ = {isa = PBXFileReference; lastKnownFileType = sourcecode.swift; path = ReportManager.swift; sourceTree = "<group>"; };
		493FB26C2B456374001D41A8 /* StorageManager.swift */ = {isa = PBXFileReference; lastKnownFileType = sourcecode.swift; path = StorageManager.swift; sourceTree = "<group>"; };
		493FB26E2B4563A1001D41A8 /* LocationManager.swift */ = {isa = PBXFileReference; lastKnownFileType = sourcecode.swift; path = LocationManager.swift; sourceTree = "<group>"; };
		493FB2702B45642E001D41A8 /* AllReportView.swift */ = {isa = PBXFileReference; lastKnownFileType = sourcecode.swift; path = AllReportView.swift; sourceTree = "<group>"; };
		493FB2722B45644A001D41A8 /* ReportCardView.swift */ = {isa = PBXFileReference; lastKnownFileType = sourcecode.swift; path = ReportCardView.swift; sourceTree = "<group>"; };
		493FB2742B456467001D41A8 /* ReportDetailView.swift */ = {isa = PBXFileReference; lastKnownFileType = sourcecode.swift; path = ReportDetailView.swift; sourceTree = "<group>"; };
		49B888212B3C74C200AFE619 /* TestLaporBook.app */ = {isa = PBXFileReference; explicitFileType = wrapper.application; includeInIndex = 0; path = TestLaporBook.app; sourceTree = BUILT_PRODUCTS_DIR; };
		49B888242B3C74C200AFE619 /* TestLaporBookApp.swift */ = {isa = PBXFileReference; lastKnownFileType = sourcecode.swift; path = TestLaporBookApp.swift; sourceTree = "<group>"; };
		49B888262B3C74C200AFE619 /* ContentView.swift */ = {isa = PBXFileReference; lastKnownFileType = sourcecode.swift; path = ContentView.swift; sourceTree = "<group>"; };
		49B888282B3C74C300AFE619 /* Assets.xcassets */ = {isa = PBXFileReference; lastKnownFileType = folder.assetcatalog; path = Assets.xcassets; sourceTree = "<group>"; };
		49B8882B2B3C74C300AFE619 /* Preview Assets.xcassets */ = {isa = PBXFileReference; lastKnownFileType = folder.assetcatalog; path = "Preview Assets.xcassets"; sourceTree = "<group>"; };
		49B888322B3C78A900AFE619 /* GoogleService-Info.plist */ = {isa = PBXFileReference; fileEncoding = 4; lastKnownFileType = text.plist.xml; path = "GoogleService-Info.plist"; sourceTree = "<group>"; };
		49B8886E2B3C800A00AFE619 /* AuthManager.swift */ = {isa = PBXFileReference; lastKnownFileType = sourcecode.swift; path = AuthManager.swift; sourceTree = "<group>"; };
		49B888702B3C802A00AFE619 /* Model.swift */ = {isa = PBXFileReference; lastKnownFileType = sourcecode.swift; path = Model.swift; sourceTree = "<group>"; };
		49B888722B3C805D00AFE619 /* ViewController.swift */ = {isa = PBXFileReference; lastKnownFileType = sourcecode.swift; path = ViewController.swift; sourceTree = "<group>"; };
		49B888742B3C809D00AFE619 /* Extensions.swift */ = {isa = PBXFileReference; lastKnownFileType = sourcecode.swift; path = Extensions.swift; sourceTree = "<group>"; };
		49B888762B3C80CD00AFE619 /* Templates.swift */ = {isa = PBXFileReference; lastKnownFileType = sourcecode.swift; path = Templates.swift; sourceTree = "<group>"; };
		49B888782B3C80EE00AFE619 /* Constans.swift */ = {isa = PBXFileReference; lastKnownFileType = sourcecode.swift; path = Constans.swift; sourceTree = "<group>"; };
		49B8887A2B3C811B00AFE619 /* RegisterView.swift */ = {isa = PBXFileReference; lastKnownFileType = sourcecode.swift; path = RegisterView.swift; sourceTree = "<group>"; };
		49B8887C2B3C813700AFE619 /* LoginView.swift */ = {isa = PBXFileReference; lastKnownFileType = sourcecode.swift; path = LoginView.swift; sourceTree = "<group>"; };
		49B8887E2B3C815E00AFE619 /* DashboardView.swift */ = {isa = PBXFileReference; lastKnownFileType = sourcecode.swift; path = DashboardView.swift; sourceTree = "<group>"; };
		49B888802B3C818300AFE619 /* MyReportView.swift */ = {isa = PBXFileReference; lastKnownFileType = sourcecode.swift; path = MyReportView.swift; sourceTree = "<group>"; };
		49B888822B3C81AA00AFE619 /* AddReportView.swift */ = {isa = PBXFileReference; lastKnownFileType = sourcecode.swift; path = AddReportView.swift; sourceTree = "<group>"; };
/* End PBXFileReference section */

/* Begin PBXFrameworksBuildPhase section */
		49B8881E2B3C74C200AFE619 /* Frameworks */ = {
			isa = PBXFrameworksBuildPhase;
			buildActionMask = 2147483647;
			files = (
				49BB3EF62B456BCE00860D81 /* SDWebImageSwiftUI in Frameworks */,
				49B888482B3C795D00AFE619 /* FirebaseDatabase in Frameworks */,
				49B888562B3C795D00AFE619 /* FirebaseFunctionsCombine-Community in Frameworks */,
				49B8884E2B3C795D00AFE619 /* FirebaseFirestore in Frameworks */,
				49B8883A2B3C795D00AFE619 /* FirebaseAnalyticsSwift in Frameworks */,
				49B888362B3C795D00AFE619 /* FirebaseAnalytics in Frameworks */,
				49B888382B3C795D00AFE619 /* FirebaseAnalyticsOnDeviceConversion in Frameworks */,
				49B8885E2B3C795D00AFE619 /* FirebaseMLModelDownloader in Frameworks */,
				49B888522B3C795D00AFE619 /* FirebaseFirestoreSwift in Frameworks */,
				49B8883E2B3C795D00AFE619 /* FirebaseAppCheck in Frameworks */,
				49B8883C2B3C795D00AFE619 /* FirebaseAnalyticsWithoutAdIdSupport in Frameworks */,
				49B888422B3C795D00AFE619 /* FirebaseAuth in Frameworks */,
				49B888462B3C795D00AFE619 /* FirebaseCrashlytics in Frameworks */,
				49B888662B3C795D00AFE619 /* FirebaseRemoteConfigSwift in Frameworks */,
				49B888582B3C795D00AFE619 /* FirebaseInAppMessaging-Beta in Frameworks */,
				49B8884A2B3C795D00AFE619 /* FirebaseDatabaseSwift in Frameworks */,
				49B888542B3C795D00AFE619 /* FirebaseFunctions in Frameworks */,
				49B8886A2B3C795D00AFE619 /* FirebaseStorageCombine-Community in Frameworks */,
				49B888642B3C795D00AFE619 /* FirebaseRemoteConfig in Frameworks */,
				49B888402B3C795D00AFE619 /* FirebaseAppDistribution-Beta in Frameworks */,
				49B888442B3C795D00AFE619 /* FirebaseAuthCombine-Community in Frameworks */,
				49B888622B3C795D00AFE619 /* FirebasePerformance in Frameworks */,
				49B8885A2B3C795D00AFE619 /* FirebaseInAppMessagingSwift-Beta in Frameworks */,
				49B888682B3C795D00AFE619 /* FirebaseStorage in Frameworks */,
				49B8884C2B3C795D00AFE619 /* FirebaseDynamicLinks in Frameworks */,
				49B888502B3C795D00AFE619 /* FirebaseFirestoreCombine-Community in Frameworks */,
				49B888602B3C795D00AFE619 /* FirebaseMessaging in Frameworks */,
				49B8885C2B3C795D00AFE619 /* FirebaseInstallations in Frameworks */,
			);
			runOnlyForDeploymentPostprocessing = 0;
		};
/* End PBXFrameworksBuildPhase section */

/* Begin PBXGroup section */
		49B888182B3C74C200AFE619 = {
			isa = PBXGroup;
			children = (
				49B888232B3C74C200AFE619 /* TestLaporBook */,
				49B888222B3C74C200AFE619 /* Products */,
			);
			sourceTree = "<group>";
		};
		49B888222B3C74C200AFE619 /* Products */ = {
			isa = PBXGroup;
			children = (
				49B888212B3C74C200AFE619 /* TestLaporBook.app */,
			);
			name = Products;
			sourceTree = "<group>";
		};
		49B888232B3C74C200AFE619 /* TestLaporBook */ = {
			isa = PBXGroup;
			children = (
				49B888242B3C74C200AFE619 /* TestLaporBookApp.swift */,
				49B888262B3C74C200AFE619 /* ContentView.swift */,
				49B888282B3C74C300AFE619 /* Assets.xcassets */,
				49B888322B3C78A900AFE619 /* GoogleService-Info.plist */,
				49B8886B2B3C7E0C00AFE619 /* Manager */,
				49B8886C2B3C7E2300AFE619 /* Utilities */,
				49B8886D2B3C7E4A00AFE619 /* View */,
				49B8882A2B3C74C300AFE619 /* Preview Content */,
			);
			path = TestLaporBook;
			sourceTree = "<group>";
		};
		49B8882A2B3C74C300AFE619 /* Preview Content */ = {
			isa = PBXGroup;
			children = (
				49B8882B2B3C74C300AFE619 /* Preview Assets.xcassets */,
			);
			path = "Preview Content";
			sourceTree = "<group>";
		};
		49B8886B2B3C7E0C00AFE619 /* Manager */ = {
			isa = PBXGroup;
			children = (
				49B8886E2B3C800A00AFE619 /* AuthManager.swift */,
				49B888702B3C802A00AFE619 /* Model.swift */,
				493FB26A2B456349001D41A8 /* ReportManager.swift */,
				493FB26C2B456374001D41A8 /* StorageManager.swift */,
				493FB26E2B4563A1001D41A8 /* LocationManager.swift */,
			);
			path = Manager;
			sourceTree = "<group>";
		};
		49B8886C2B3C7E2300AFE619 /* Utilities */ = {
			isa = PBXGroup;
			children = (
				49B888722B3C805D00AFE619 /* ViewController.swift */,
				49B888742B3C809D00AFE619 /* Extensions.swift */,
				49B888762B3C80CD00AFE619 /* Templates.swift */,
				49B888782B3C80EE00AFE619 /* Constans.swift */,
				493FB2682B45624A001D41A8 /* ImagePicker.swift */,
			);
			path = Utilities;
			sourceTree = "<group>";
		};
		49B8886D2B3C7E4A00AFE619 /* View */ = {
			isa = PBXGroup;
			children = (
				49B8887A2B3C811B00AFE619 /* RegisterView.swift */,
				49B8887C2B3C813700AFE619 /* LoginView.swift */,
				49B8887E2B3C815E00AFE619 /* DashboardView.swift */,
				49B888822B3C81AA00AFE619 /* AddReportView.swift */,
				493FB2702B45642E001D41A8 /* AllReportView.swift */,
				493FB2722B45644A001D41A8 /* ReportCardView.swift */,
				493FB2742B456467001D41A8 /* ReportDetailView.swift */,
				49B888802B3C818300AFE619 /* MyReportView.swift */,
			);
			path = View;
			sourceTree = "<group>";
		};
/* End PBXGroup section */

/* Begin PBXNativeTarget section */
		49B888202B3C74C200AFE619 /* TestLaporBook */ = {
			isa = PBXNativeTarget;
			buildConfigurationList = 49B8882F2B3C74C300AFE619 /* Build configuration list for PBXNativeTarget "TestLaporBook" */;
			buildPhases = (
				49B8881D2B3C74C200AFE619 /* Sources */,
				49B8881E2B3C74C200AFE619 /* Frameworks */,
				49B8881F2B3C74C200AFE619 /* Resources */,
			);
			buildRules = (
			);
			dependencies = (
			);
			name = TestLaporBook;
			packageProductDependencies = (
				49B888352B3C795D00AFE619 /* FirebaseAnalytics */,
				49B888372B3C795D00AFE619 /* FirebaseAnalyticsOnDeviceConversion */,
				49B888392B3C795D00AFE619 /* FirebaseAnalyticsSwift */,
				49B8883B2B3C795D00AFE619 /* FirebaseAnalyticsWithoutAdIdSupport */,
				49B8883D2B3C795D00AFE619 /* FirebaseAppCheck */,
				49B8883F2B3C795D00AFE619 /* FirebaseAppDistribution-Beta */,
				49B888412B3C795D00AFE619 /* FirebaseAuth */,
				49B888432B3C795D00AFE619 /* FirebaseAuthCombine-Community */,
				49B888452B3C795D00AFE619 /* FirebaseCrashlytics */,
				49B888472B3C795D00AFE619 /* FirebaseDatabase */,
				49B888492B3C795D00AFE619 /* FirebaseDatabaseSwift */,
				49B8884B2B3C795D00AFE619 /* FirebaseDynamicLinks */,
				49B8884D2B3C795D00AFE619 /* FirebaseFirestore */,
				49B8884F2B3C795D00AFE619 /* FirebaseFirestoreCombine-Community */,
				49B888512B3C795D00AFE619 /* FirebaseFirestoreSwift */,
				49B888532B3C795D00AFE619 /* FirebaseFunctions */,
				49B888552B3C795D00AFE619 /* FirebaseFunctionsCombine-Community */,
				49B888572B3C795D00AFE619 /* FirebaseInAppMessaging-Beta */,
				49B888592B3C795D00AFE619 /* FirebaseInAppMessagingSwift-Beta */,
				49B8885B2B3C795D00AFE619 /* FirebaseInstallations */,
				49B8885D2B3C795D00AFE619 /* FirebaseMLModelDownloader */,
				49B8885F2B3C795D00AFE619 /* FirebaseMessaging */,
				49B888612B3C795D00AFE619 /* FirebasePerformance */,
				49B888632B3C795D00AFE619 /* FirebaseRemoteConfig */,
				49B888652B3C795D00AFE619 /* FirebaseRemoteConfigSwift */,
				49B888672B3C795D00AFE619 /* FirebaseStorage */,
				49B888692B3C795D00AFE619 /* FirebaseStorageCombine-Community */,
				49BB3EF52B456BCE00860D81 /* SDWebImageSwiftUI */,
			);
			productName = TestLaporBook;
			productReference = 49B888212B3C74C200AFE619 /* TestLaporBook.app */;
			productType = "com.apple.product-type.application";
		};
/* End PBXNativeTarget section */

/* Begin PBXProject section */
		49B888192B3C74C200AFE619 /* Project object */ = {
			isa = PBXProject;
			attributes = {
				BuildIndependentTargetsInParallel = 1;
				LastSwiftUpdateCheck = 1510;
				LastUpgradeCheck = 1510;
				TargetAttributes = {
					49B888202B3C74C200AFE619 = {
						CreatedOnToolsVersion = 15.1;
					};
				};
			};
			buildConfigurationList = 49B8881C2B3C74C200AFE619 /* Build configuration list for PBXProject "TestLaporBook" */;
			compatibilityVersion = "Xcode 14.0";
			developmentRegion = en;
			hasScannedForEncodings = 0;
			knownRegions = (
				en,
				Base,
			);
			mainGroup = 49B888182B3C74C200AFE619;
			packageReferences = (
				49B888342B3C795D00AFE619 /* XCRemoteSwiftPackageReference "firebase-ios-sdk" */,
				49BB3EF42B456BCE00860D81 /* XCRemoteSwiftPackageReference "SDWebImageSwiftUI" */,
			);
			productRefGroup = 49B888222B3C74C200AFE619 /* Products */;
			projectDirPath = "";
			projectRoot = "";
			targets = (
				49B888202B3C74C200AFE619 /* TestLaporBook */,
			);
		};
/* End PBXProject section */

/* Begin PBXResourcesBuildPhase section */
		49B8881F2B3C74C200AFE619 /* Resources */ = {
			isa = PBXResourcesBuildPhase;
			buildActionMask = 2147483647;
			files = (
				49B8882C2B3C74C300AFE619 /* Preview Assets.xcassets in Resources */,
				49B888292B3C74C300AFE619 /* Assets.xcassets in Resources */,
				49B888332B3C78A900AFE619 /* GoogleService-Info.plist in Resources */,
			);
			runOnlyForDeploymentPostprocessing = 0;
		};
/* End PBXResourcesBuildPhase section */

/* Begin PBXSourcesBuildPhase section */
		49B8881D2B3C74C200AFE619 /* Sources */ = {
			isa = PBXSourcesBuildPhase;
			buildActionMask = 2147483647;
			files = (
				49B8887B2B3C811B00AFE619 /* RegisterView.swift in Sources */,
				493FB26F2B4563A1001D41A8 /* LocationManager.swift in Sources */,
				49B888732B3C805D00AFE619 /* ViewController.swift in Sources */,
				49B888752B3C809D00AFE619 /* Extensions.swift in Sources */,
				493FB26B2B456349001D41A8 /* ReportManager.swift in Sources */,
				493FB2732B45644A001D41A8 /* ReportCardView.swift in Sources */,
				493FB2692B45624A001D41A8 /* ImagePicker.swift in Sources */,
				493FB2752B456467001D41A8 /* ReportDetailView.swift in Sources */,
				49B888792B3C80EE00AFE619 /* Constans.swift in Sources */,
				49B888272B3C74C200AFE619 /* ContentView.swift in Sources */,
				493FB2712B45642E001D41A8 /* AllReportView.swift in Sources */,
				49B8886F2B3C800A00AFE619 /* AuthManager.swift in Sources */,
				49B8887F2B3C815E00AFE619 /* DashboardView.swift in Sources */,
				49B888772B3C80CD00AFE619 /* Templates.swift in Sources */,
				49B888252B3C74C200AFE619 /* TestLaporBookApp.swift in Sources */,
				49B8887D2B3C813700AFE619 /* LoginView.swift in Sources */,
				49B888812B3C818300AFE619 /* MyReportView.swift in Sources */,
				49B888712B3C802A00AFE619 /* Model.swift in Sources */,
				49B888832B3C81AA00AFE619 /* AddReportView.swift in Sources */,
				493FB26D2B456374001D41A8 /* StorageManager.swift in Sources */,
			);
			runOnlyForDeploymentPostprocessing = 0;
		};
/* End PBXSourcesBuildPhase section */

/* Begin XCBuildConfiguration section */
		49B8882D2B3C74C300AFE619 /* Debug */ = {
			isa = XCBuildConfiguration;
			buildSettings = {
				ALWAYS_SEARCH_USER_PATHS = NO;
				ASSETCATALOG_COMPILER_GENERATE_SWIFT_ASSET_SYMBOL_EXTENSIONS = YES;
				CLANG_ANALYZER_NONNULL = YES;
				CLANG_ANALYZER_NUMBER_OBJECT_CONVERSION = YES_AGGRESSIVE;
				CLANG_CXX_LANGUAGE_STANDARD = "gnu++20";
				CLANG_ENABLE_MODULES = YES;
				CLANG_ENABLE_OBJC_ARC = YES;
				CLANG_ENABLE_OBJC_WEAK = YES;
				CLANG_WARN_BLOCK_CAPTURE_AUTORELEASING = YES;
				CLANG_WARN_BOOL_CONVERSION = YES;
				CLANG_WARN_COMMA = YES;
				CLANG_WARN_CONSTANT_CONVERSION = YES;
				CLANG_WARN_DEPRECATED_OBJC_IMPLEMENTATIONS = YES;
				CLANG_WARN_DIRECT_OBJC_ISA_USAGE = YES_ERROR;
				CLANG_WARN_DOCUMENTATION_COMMENTS = YES;
				CLANG_WARN_EMPTY_BODY = YES;
				CLANG_WARN_ENUM_CONVERSION = YES;
				CLANG_WARN_INFINITE_RECURSION = YES;
				CLANG_WARN_INT_CONVERSION = YES;
				CLANG_WARN_NON_LITERAL_NULL_CONVERSION = YES;
				CLANG_WARN_OBJC_IMPLICIT_RETAIN_SELF = YES;
				CLANG_WARN_OBJC_LITERAL_CONVERSION = YES;
				CLANG_WARN_OBJC_ROOT_CLASS = YES_ERROR;
				CLANG_WARN_QUOTED_INCLUDE_IN_FRAMEWORK_HEADER = YES;
				CLANG_WARN_RANGE_LOOP_ANALYSIS = YES;
				CLANG_WARN_STRICT_PROTOTYPES = YES;
				CLANG_WARN_SUSPICIOUS_MOVE = YES;
				CLANG_WARN_UNGUARDED_AVAILABILITY = YES_AGGRESSIVE;
				CLANG_WARN_UNREACHABLE_CODE = YES;
				CLANG_WARN__DUPLICATE_METHOD_MATCH = YES;
				COPY_PHASE_STRIP = NO;
				DEBUG_INFORMATION_FORMAT = dwarf;
				ENABLE_STRICT_OBJC_MSGSEND = YES;
				ENABLE_TESTABILITY = YES;
				ENABLE_USER_SCRIPT_SANDBOXING = YES;
				GCC_C_LANGUAGE_STANDARD = gnu17;
				GCC_DYNAMIC_NO_PIC = NO;
				GCC_NO_COMMON_BLOCKS = YES;
				GCC_OPTIMIZATION_LEVEL = 0;
				GCC_PREPROCESSOR_DEFINITIONS = (
					"DEBUG=1",
					"$(inherited)",
				);
				GCC_WARN_64_TO_32_BIT_CONVERSION = YES;
				GCC_WARN_ABOUT_RETURN_TYPE = YES_ERROR;
				GCC_WARN_UNDECLARED_SELECTOR = YES;
				GCC_WARN_UNINITIALIZED_AUTOS = YES_AGGRESSIVE;
				GCC_WARN_UNUSED_FUNCTION = YES;
				GCC_WARN_UNUSED_VARIABLE = YES;
				IPHONEOS_DEPLOYMENT_TARGET = 17.2;
				LOCALIZATION_PREFERS_STRING_CATALOGS = YES;
				MTL_ENABLE_DEBUG_INFO = INCLUDE_SOURCE;
				MTL_FAST_MATH = YES;
				ONLY_ACTIVE_ARCH = YES;
				SDKROOT = iphoneos;
				SWIFT_ACTIVE_COMPILATION_CONDITIONS = "DEBUG $(inherited)";
				SWIFT_OPTIMIZATION_LEVEL = "-Onone";
			};
			name = Debug;
		};
		49B8882E2B3C74C300AFE619 /* Release */ = {
			isa = XCBuildConfiguration;
			buildSettings = {
				ALWAYS_SEARCH_USER_PATHS = NO;
				ASSETCATALOG_COMPILER_GENERATE_SWIFT_ASSET_SYMBOL_EXTENSIONS = YES;
				CLANG_ANALYZER_NONNULL = YES;
				CLANG_ANALYZER_NUMBER_OBJECT_CONVERSION = YES_AGGRESSIVE;
				CLANG_CXX_LANGUAGE_STANDARD = "gnu++20";
				CLANG_ENABLE_MODULES = YES;
				CLANG_ENABLE_OBJC_ARC = YES;
				CLANG_ENABLE_OBJC_WEAK = YES;
				CLANG_WARN_BLOCK_CAPTURE_AUTORELEASING = YES;
				CLANG_WARN_BOOL_CONVERSION = YES;
				CLANG_WARN_COMMA = YES;
				CLANG_WARN_CONSTANT_CONVERSION = YES;
				CLANG_WARN_DEPRECATED_OBJC_IMPLEMENTATIONS = YES;
				CLANG_WARN_DIRECT_OBJC_ISA_USAGE = YES_ERROR;
				CLANG_WARN_DOCUMENTATION_COMMENTS = YES;
				CLANG_WARN_EMPTY_BODY = YES;
				CLANG_WARN_ENUM_CONVERSION = YES;
				CLANG_WARN_INFINITE_RECURSION = YES;
				CLANG_WARN_INT_CONVERSION = YES;
				CLANG_WARN_NON_LITERAL_NULL_CONVERSION = YES;
				CLANG_WARN_OBJC_IMPLICIT_RETAIN_SELF = YES;
				CLANG_WARN_OBJC_LITERAL_CONVERSION = YES;
				CLANG_WARN_OBJC_ROOT_CLASS = YES_ERROR;
				CLANG_WARN_QUOTED_INCLUDE_IN_FRAMEWORK_HEADER = YES;
				CLANG_WARN_RANGE_LOOP_ANALYSIS = YES;
				CLANG_WARN_STRICT_PROTOTYPES = YES;
				CLANG_WARN_SUSPICIOUS_MOVE = YES;
				CLANG_WARN_UNGUARDED_AVAILABILITY = YES_AGGRESSIVE;
				CLANG_WARN_UNREACHABLE_CODE = YES;
				CLANG_WARN__DUPLICATE_METHOD_MATCH = YES;
				COPY_PHASE_STRIP = NO;
				DEBUG_INFORMATION_FORMAT = "dwarf-with-dsym";
				ENABLE_NS_ASSERTIONS = NO;
				ENABLE_STRICT_OBJC_MSGSEND = YES;
				ENABLE_USER_SCRIPT_SANDBOXING = YES;
				GCC_C_LANGUAGE_STANDARD = gnu17;
				GCC_NO_COMMON_BLOCKS = YES;
				GCC_WARN_64_TO_32_BIT_CONVERSION = YES;
				GCC_WARN_ABOUT_RETURN_TYPE = YES_ERROR;
				GCC_WARN_UNDECLARED_SELECTOR = YES;
				GCC_WARN_UNINITIALIZED_AUTOS = YES_AGGRESSIVE;
				GCC_WARN_UNUSED_FUNCTION = YES;
				GCC_WARN_UNUSED_VARIABLE = YES;
				IPHONEOS_DEPLOYMENT_TARGET = 17.2;
				LOCALIZATION_PREFERS_STRING_CATALOGS = YES;
				MTL_ENABLE_DEBUG_INFO = NO;
				MTL_FAST_MATH = YES;
				SDKROOT = iphoneos;
				SWIFT_COMPILATION_MODE = wholemodule;
				VALIDATE_PRODUCT = YES;
			};
			name = Release;
		};
		49B888302B3C74C300AFE619 /* Debug */ = {
			isa = XCBuildConfiguration;
			buildSettings = {
				ASSETCATALOG_COMPILER_APPICON_NAME = AppIcon;
				ASSETCATALOG_COMPILER_GLOBAL_ACCENT_COLOR_NAME = AccentColor;
				CODE_SIGN_IDENTITY = "Apple Development";
				CODE_SIGN_STYLE = Automatic;
				CURRENT_PROJECT_VERSION = 1;
				DEVELOPMENT_ASSET_PATHS = "\"TestLaporBook/Preview Content\"";
				DEVELOPMENT_TEAM = XGVFACWZPQ;
				ENABLE_PREVIEWS = YES;
				GENERATE_INFOPLIST_FILE = YES;
				INFOPLIST_KEY_UIApplicationSceneManifest_Generation = YES;
				INFOPLIST_KEY_UIApplicationSupportsIndirectInputEvents = YES;
				INFOPLIST_KEY_UILaunchScreen_Generation = YES;
				INFOPLIST_KEY_UISupportedInterfaceOrientations_iPad = "UIInterfaceOrientationPortrait UIInterfaceOrientationPortraitUpsideDown UIInterfaceOrientationLandscapeLeft UIInterfaceOrientationLandscapeRight";
				INFOPLIST_KEY_UISupportedInterfaceOrientations_iPhone = "UIInterfaceOrientationPortrait UIInterfaceOrientationLandscapeLeft UIInterfaceOrientationLandscapeRight";
				LD_RUNPATH_SEARCH_PATHS = (
					"$(inherited)",
					"@executable_path/Frameworks",
				);
				MARKETING_VERSION = 1.0;
				PRODUCT_BUNDLE_IDENTIFIER = com.Nara.TestLaporBook;
				PRODUCT_NAME = "$(TARGET_NAME)";
				PROVISIONING_PROFILE_SPECIFIER = "";
				SWIFT_EMIT_LOC_STRINGS = YES;
				SWIFT_VERSION = 5.0;
				TARGETED_DEVICE_FAMILY = "1,2";
			};
			name = Debug;
		};
		49B888312B3C74C300AFE619 /* Release */ = {
			isa = XCBuildConfiguration;
			buildSettings = {
				ASSETCATALOG_COMPILER_APPICON_NAME = AppIcon;
				ASSETCATALOG_COMPILER_GLOBAL_ACCENT_COLOR_NAME = AccentColor;
				CODE_SIGN_IDENTITY = "Apple Development";
				CODE_SIGN_STYLE = Automatic;
				CURRENT_PROJECT_VERSION = 1;
				DEVELOPMENT_ASSET_PATHS = "\"TestLaporBook/Preview Content\"";
				DEVELOPMENT_TEAM = XGVFACWZPQ;
				ENABLE_PREVIEWS = YES;
				GENERATE_INFOPLIST_FILE = YES;
				INFOPLIST_KEY_UIApplicationSceneManifest_Generation = YES;
				INFOPLIST_KEY_UIApplicationSupportsIndirectInputEvents = YES;
				INFOPLIST_KEY_UILaunchScreen_Generation = YES;
				INFOPLIST_KEY_UISupportedInterfaceOrientations_iPad = "UIInterfaceOrientationPortrait UIInterfaceOrientationPortraitUpsideDown UIInterfaceOrientationLandscapeLeft UIInterfaceOrientationLandscapeRight";
				INFOPLIST_KEY_UISupportedInterfaceOrientations_iPhone = "UIInterfaceOrientationPortrait UIInterfaceOrientationLandscapeLeft UIInterfaceOrientationLandscapeRight";
				LD_RUNPATH_SEARCH_PATHS = (
					"$(inherited)",
					"@executable_path/Frameworks",
				);
				MARKETING_VERSION = 1.0;
				PRODUCT_BUNDLE_IDENTIFIER = com.Nara.TestLaporBook;
				PRODUCT_NAME = "$(TARGET_NAME)";
				PROVISIONING_PROFILE_SPECIFIER = "";
				SWIFT_EMIT_LOC_STRINGS = YES;
				SWIFT_VERSION = 5.0;
				TARGETED_DEVICE_FAMILY = "1,2";
			};
			name = Release;
		};
/* End XCBuildConfiguration section */

/* Begin XCConfigurationList section */
		49B8881C2B3C74C200AFE619 /* Build configuration list for PBXProject "TestLaporBook" */ = {
			isa = XCConfigurationList;
			buildConfigurations = (
				49B8882D2B3C74C300AFE619 /* Debug */,
				49B8882E2B3C74C300AFE619 /* Release */,
			);
			defaultConfigurationIsVisible = 0;
			defaultConfigurationName = Release;
		};
		49B8882F2B3C74C300AFE619 /* Build configuration list for PBXNativeTarget "TestLaporBook" */ = {
			isa = XCConfigurationList;
			buildConfigurations = (
				49B888302B3C74C300AFE619 /* Debug */,
				49B888312B3C74C300AFE619 /* Release */,
			);
			defaultConfigurationIsVisible = 0;
			defaultConfigurationName = Release;
		};
/* End XCConfigurationList section */

/* Begin XCRemoteSwiftPackageReference section */
		49B888342B3C795D00AFE619 /* XCRemoteSwiftPackageReference "firebase-ios-sdk" */ = {
			isa = XCRemoteSwiftPackageReference;
			repositoryURL = "https://github.com/firebase/firebase-ios-sdk";
			requirement = {
				kind = upToNextMajorVersion;
				minimumVersion = 10.19.1;
			};
		};
		49BB3EF42B456BCE00860D81 /* XCRemoteSwiftPackageReference "SDWebImageSwiftUI" */ = {
			isa = XCRemoteSwiftPackageReference;
			repositoryURL = "https://github.com/SDWebImage/SDWebImageSwiftUI.git";
			requirement = {
				kind = upToNextMajorVersion;
				minimumVersion = 2.2.6;
			};
		};
/* End XCRemoteSwiftPackageReference section */

/* Begin XCSwiftPackageProductDependency section */
		49B888352B3C795D00AFE619 /* FirebaseAnalytics */ = {
			isa = XCSwiftPackageProductDependency;
			package = 49B888342B3C795D00AFE619 /* XCRemoteSwiftPackageReference "firebase-ios-sdk" */;
			productName = FirebaseAnalytics;
		};
		49B888372B3C795D00AFE619 /* FirebaseAnalyticsOnDeviceConversion */ = {
			isa = XCSwiftPackageProductDependency;
			package = 49B888342B3C795D00AFE619 /* XCRemoteSwiftPackageReference "firebase-ios-sdk" */;
			productName = FirebaseAnalyticsOnDeviceConversion;
		};
		49B888392B3C795D00AFE619 /* FirebaseAnalyticsSwift */ = {
			isa = XCSwiftPackageProductDependency;
			package = 49B888342B3C795D00AFE619 /* XCRemoteSwiftPackageReference "firebase-ios-sdk" */;
			productName = FirebaseAnalyticsSwift;
		};
		49B8883B2B3C795D00AFE619 /* FirebaseAnalyticsWithoutAdIdSupport */ = {
			isa = XCSwiftPackageProductDependency;
			package = 49B888342B3C795D00AFE619 /* XCRemoteSwiftPackageReference "firebase-ios-sdk" */;
			productName = FirebaseAnalyticsWithoutAdIdSupport;
		};
		49B8883D2B3C795D00AFE619 /* FirebaseAppCheck */ = {
			isa = XCSwiftPackageProductDependency;
			package = 49B888342B3C795D00AFE619 /* XCRemoteSwiftPackageReference "firebase-ios-sdk" */;
			productName = FirebaseAppCheck;
		};
		49B8883F2B3C795D00AFE619 /* FirebaseAppDistribution-Beta */ = {
			isa = XCSwiftPackageProductDependency;
			package = 49B888342B3C795D00AFE619 /* XCRemoteSwiftPackageReference "firebase-ios-sdk" */;
			productName = "FirebaseAppDistribution-Beta";
		};
		49B888412B3C795D00AFE619 /* FirebaseAuth */ = {
			isa = XCSwiftPackageProductDependency;
			package = 49B888342B3C795D00AFE619 /* XCRemoteSwiftPackageReference "firebase-ios-sdk" */;
			productName = FirebaseAuth;
		};
		49B888432B3C795D00AFE619 /* FirebaseAuthCombine-Community */ = {
			isa = XCSwiftPackageProductDependency;
			package = 49B888342B3C795D00AFE619 /* XCRemoteSwiftPackageReference "firebase-ios-sdk" */;
			productName = "FirebaseAuthCombine-Community";
		};
		49B888452B3C795D00AFE619 /* FirebaseCrashlytics */ = {
			isa = XCSwiftPackageProductDependency;
			package = 49B888342B3C795D00AFE619 /* XCRemoteSwiftPackageReference "firebase-ios-sdk" */;
			productName = FirebaseCrashlytics;
		};
		49B888472B3C795D00AFE619 /* FirebaseDatabase */ = {
			isa = XCSwiftPackageProductDependency;
			package = 49B888342B3C795D00AFE619 /* XCRemoteSwiftPackageReference "firebase-ios-sdk" */;
			productName = FirebaseDatabase;
		};
		49B888492B3C795D00AFE619 /* FirebaseDatabaseSwift */ = {
			isa = XCSwiftPackageProductDependency;
			package = 49B888342B3C795D00AFE619 /* XCRemoteSwiftPackageReference "firebase-ios-sdk" */;
			productName = FirebaseDatabaseSwift;
		};
		49B8884B2B3C795D00AFE619 /* FirebaseDynamicLinks */ = {
			isa = XCSwiftPackageProductDependency;
			package = 49B888342B3C795D00AFE619 /* XCRemoteSwiftPackageReference "firebase-ios-sdk" */;
			productName = FirebaseDynamicLinks;
		};
		49B8884D2B3C795D00AFE619 /* FirebaseFirestore */ = {
			isa = XCSwiftPackageProductDependency;
			package = 49B888342B3C795D00AFE619 /* XCRemoteSwiftPackageReference "firebase-ios-sdk" */;
			productName = FirebaseFirestore;
		};
		49B8884F2B3C795D00AFE619 /* FirebaseFirestoreCombine-Community */ = {
			isa = XCSwiftPackageProductDependency;
			package = 49B888342B3C795D00AFE619 /* XCRemoteSwiftPackageReference "firebase-ios-sdk" */;
			productName = "FirebaseFirestoreCombine-Community";
		};
		49B888512B3C795D00AFE619 /* FirebaseFirestoreSwift */ = {
			isa = XCSwiftPackageProductDependency;
			package = 49B888342B3C795D00AFE619 /* XCRemoteSwiftPackageReference "firebase-ios-sdk" */;
			productName = FirebaseFirestoreSwift;
		};
		49B888532B3C795D00AFE619 /* FirebaseFunctions */ = {
			isa = XCSwiftPackageProductDependency;
			package = 49B888342B3C795D00AFE619 /* XCRemoteSwiftPackageReference "firebase-ios-sdk" */;
			productName = FirebaseFunctions;
		};
		49B888552B3C795D00AFE619 /* FirebaseFunctionsCombine-Community */ = {
			isa = XCSwiftPackageProductDependency;
			package = 49B888342B3C795D00AFE619 /* XCRemoteSwiftPackageReference "firebase-ios-sdk" */;
			productName = "FirebaseFunctionsCombine-Community";
		};
		49B888572B3C795D00AFE619 /* FirebaseInAppMessaging-Beta */ = {
			isa = XCSwiftPackageProductDependency;
			package = 49B888342B3C795D00AFE619 /* XCRemoteSwiftPackageReference "firebase-ios-sdk" */;
			productName = "FirebaseInAppMessaging-Beta";
		};
		49B888592B3C795D00AFE619 /* FirebaseInAppMessagingSwift-Beta */ = {
			isa = XCSwiftPackageProductDependency;
			package = 49B888342B3C795D00AFE619 /* XCRemoteSwiftPackageReference "firebase-ios-sdk" */;
			productName = "FirebaseInAppMessagingSwift-Beta";
		};
		49B8885B2B3C795D00AFE619 /* FirebaseInstallations */ = {
			isa = XCSwiftPackageProductDependency;
			package = 49B888342B3C795D00AFE619 /* XCRemoteSwiftPackageReference "firebase-ios-sdk" */;
			productName = FirebaseInstallations;
		};
		49B8885D2B3C795D00AFE619 /* FirebaseMLModelDownloader */ = {
			isa = XCSwiftPackageProductDependency;
			package = 49B888342B3C795D00AFE619 /* XCRemoteSwiftPackageReference "firebase-ios-sdk" */;
			productName = FirebaseMLModelDownloader;
		};
		49B8885F2B3C795D00AFE619 /* FirebaseMessaging */ = {
			isa = XCSwiftPackageProductDependency;
			package = 49B888342B3C795D00AFE619 /* XCRemoteSwiftPackageReference "firebase-ios-sdk" */;
			productName = FirebaseMessaging;
		};
		49B888612B3C795D00AFE619 /* FirebasePerformance */ = {
			isa = XCSwiftPackageProductDependency;
			package = 49B888342B3C795D00AFE619 /* XCRemoteSwiftPackageReference "firebase-ios-sdk" */;
			productName = FirebasePerformance;
		};
		49B888632B3C795D00AFE619 /* FirebaseRemoteConfig */ = {
			isa = XCSwiftPackageProductDependency;
			package = 49B888342B3C795D00AFE619 /* XCRemoteSwiftPackageReference "firebase-ios-sdk" */;
			productName = FirebaseRemoteConfig;
		};
		49B888652B3C795D00AFE619 /* FirebaseRemoteConfigSwift */ = {
			isa = XCSwiftPackageProductDependency;
			package = 49B888342B3C795D00AFE619 /* XCRemoteSwiftPackageReference "firebase-ios-sdk" */;
			productName = FirebaseRemoteConfigSwift;
		};
		49B888672B3C795D00AFE619 /* FirebaseStorage */ = {
			isa = XCSwiftPackageProductDependency;
			package = 49B888342B3C795D00AFE619 /* XCRemoteSwiftPackageReference "firebase-ios-sdk" */;
			productName = FirebaseStorage;
		};
		49B888692B3C795D00AFE619 /* FirebaseStorageCombine-Community */ = {
			isa = XCSwiftPackageProductDependency;
			package = 49B888342B3C795D00AFE619 /* XCRemoteSwiftPackageReference "firebase-ios-sdk" */;
			productName = "FirebaseStorageCombine-Community";
		};
		49BB3EF52B456BCE00860D81 /* SDWebImageSwiftUI */ = {
			isa = XCSwiftPackageProductDependency;
			package = 49BB3EF42B456BCE00860D81 /* XCRemoteSwiftPackageReference "SDWebImageSwiftUI" */;
			productName = SDWebImageSwiftUI;
		};
/* End XCSwiftPackageProductDependency section */
	};
	rootObject = 49B888192B3C74C200AFE619 /* Project object */;
}
